
Microsoft Visual Studio Solution File, Format Version 12.00
# Visual Studio Version 17
VisualStudioVersion = 17.7.34031.279
MinimumVisualStudioVersion = 10.0.40219.1
Project("{FAE04EC0-301F-11D3-BF4B-00C04F79EFBC}") = "WhiteLagoon.Web", "WhiteLagoon.Web\WhiteLagoon.Web.csproj", "{4DF6DCBF-5E57-4383-972D-BBC13F65FA32}"
EndProject
Global
	GlobalSection(SolutionConfigurationPlatforms) = preSolution
		Debug|Any CPU = Debug|Any CPU
		Release|Any CPU = Release|Any CPU
	EndGlobalSection
	GlobalSection(ProjectConfigurationPlatforms) = postSolution
		{4DF6DCBF-5E57-4383-972D-BBC13F65FA32}.Debug|Any CPU.ActiveCfg = Debug|Any CPU
		{4DF6DCBF-5E57-4383-972D-BBC13F65FA32}.Debug|Any CPU.Build.0 = Debug|Any CPU
		{4DF6DCBF-5E57-4383-972D-BBC13F65FA32}.Release|Any CPU.ActiveCfg = Release|Any CPU
		{4DF6DCBF-5E57-4383-972D-BBC13F65FA32}.Release|Any CPU.Build.0 = Release|Any CPU
	EndGlobalSection
	GlobalSection(SolutionProperties) = preSolution
		HideSolutionNode = FALSE
	EndGlobalSection
	GlobalSection(ExtensibilityGlobals) = postSolution
		SolutionGuid = {81E861C3-152D-4508-8682-50C76F6C6311}
	EndGlobalSection
EndGlobal
